{
  "object": {
    "pins": [
      {
        "package": "COpenSSL",
        "repositoryURL": "https://github.com/PerfectlySoft/Perfect-COpenSSL.git",
        "state": {
          "branch": null,
          "revision": "0a9a2b48e055d3f3664b82eacb02f2ff69d905eb",
          "version": "3.1.2"
        }
      },
      {
        "package": "PerfectCZlib",
        "repositoryURL": "/private/var/perfect/Perfect-CZlib-src",
        "state": {
          "branch": null,
          "revision": "65b5a912d192ba5cf6e9772428264ce9baa8e4b6",
          "version": "0.0.3"
        }
      },
      {
        "package": "PerfectCrypto",
        "repositoryURL": "https://github.com/PerfectlySoft/Perfect-Crypto.git",
        "state": {
          "branch": null,
          "revision": "a440ab1dd8d3d87103312f1328bfb1648e7045e3",
          "version": "3.0.2"
        }
      },
      {
        "package": "PerfectHTTP",
        "repositoryURL": "https://github.com/PerfectlySoft/Perfect-HTTP.git",
        "state": {
          "branch": null,
          "revision": "605b169a0527c3169cbf672a75efeb5695f5d471",
          "version": "3.0.1"
        }
      },
      {
        "package": "PerfectHTTPServer",
        "repositoryURL": "/private/var/perfect/Perfect-HTTPServer",
        "state": {
          "branch": null,
          "revision": "cac28dcc0294f6776380796af77d7de8fab4d30a",
          "version": "3.0.3"
        }
      },
      {
        "package": "PerfectLib",
        "repositoryURL": "https://github.com/PerfectlySoft/PerfectLib.git",
        "state": {
          "branch": null,
          "revision": "fc5186e209f0621fe50390ec1fb02bd9d3ef0e57",
          "version": "3.0.2"
        }
      },
      {
        "package": "PerfectMySQL",
        "repositoryURL": "/private/var/perfect/Perfect-MySQL",
        "state": {
          "branch": null,
          "revision": "fa368c927fa3302c7fe1615e4db66e1b417450bd",
          "version": "3.0.0"
        }
      },
      {
        "package": "PerfectNet",
        "repositoryURL": "/private/var/perfect/Perfect-Net",
        "state": {
          "branch": null,
          "revision": "90a0d80424836d6512371c54880a2a1c8ef985e7",
          "version": "3.0.0"
        }
      },
      {
        "package": "PerfectNotifications",
        "repositoryURL": "/private/var/perfect/Perfect-Notifications",
        "state": {
          "branch": null,
          "revision": "8f846dda0e4981c33bbf83ad454456bc48ff5589",
          "version": "3.0.0"
        }
      },
      {
        "package": "PerfectThread",
        "repositoryURL": "https://github.com/PerfectlySoft/Perfect-Thread.git",
        "state": {
          "branch": null,
          "revision": "1846390a47bfe0c5263bb70ba318b2bbe751ac95",
          "version": "3.0.2"
        }
      },
      {
        "package": "mysqlclient",
        "repositoryURL": "/private/var/perfect/Perfect-mysqlclient",
        "state": {
          "branch": null,
          "revision": "b374b3818e9420f920a31fe93285ec92b51b9b22",
          "version": "2.0.1"
        }
      }
    ]
  },
  "version": 1
}
